
Microsoft Visual Studio Solution File, Format Version 12.00
# Visual Studio Version 16
VisualStudioVersion = 16.0.31624.102
MinimumVisualStudioVersion = 10.0.40219.1
Project("{FAE04EC0-301F-11D3-BF4B-00C04F79EFBC}") = "MovieDB.UI", "MovieDB.UI\MovieDB.UI.csproj", "{333EC042-B9F5-4826-B1CC-CB1934D3DA48}"
EndProject
Global
	GlobalSection(SolutionConfigurationPlatforms) = preSolution
		Debug|Any CPU = Debug|Any CPU
		Release|Any CPU = Release|Any CPU
	EndGlobalSection
	GlobalSection(ProjectConfigurationPlatforms) = postSolution
		{333EC042-B9F5-4826-B1CC-CB1934D3DA48}.Debug|Any CPU.ActiveCfg = Debug|Any CPU
		{333EC042-B9F5-4826-B1CC-CB1934D3DA48}.Debug|Any CPU.Build.0 = Debug|Any CPU
		{333EC042-B9F5-4826-B1CC-CB1934D3DA48}.Release|Any CPU.ActiveCfg = Release|Any CPU
		{333EC042-B9F5-4826-B1CC-CB1934D3DA48}.Release|Any CPU.Build.0 = Release|Any CPU
	EndGlobalSection
	GlobalSection(SolutionProperties) = preSolution
		HideSolutionNode = FALSE
	EndGlobalSection
	GlobalSection(ExtensibilityGlobals) = postSolution
		SolutionGuid = {81F24967-AE19-4210-8513-03AF2723EE78}
	EndGlobalSection
EndGlobal
